
Microsoft Visual Studio Solution File, Format Version 12.00
# Visual Studio Version 17
VisualStudioVersion = 17.2.32616.157
MinimumVisualStudioVersion = 10.0.40219.1
Project("{8BC9CEB8-8B4A-11D0-8D11-00A0C91BC942}") = "HW 1", "HW 1\HW 1.vcxproj", "{CBBEE304-E183-4FDC-A1E4-18531B24DDC6}"
EndProject
Project("{8BC9CEB8-8B4A-11D0-8D11-00A0C91BC942}") = "DZ1", "DZ1\DZ1.vcxproj", "{52EDF426-42C2-4E7C-B5D4-3C6B05B17F48}"
EndProject
Global
	GlobalSection(SolutionConfigurationPlatforms) = preSolution
		Debug|x64 = Debug|x64
		Debug|x86 = Debug|x86
		Release|x64 = Release|x64
		Release|x86 = Release|x86
	EndGlobalSection
	GlobalSection(ProjectConfigurationPlatforms) = postSolution
		{CBBEE304-E183-4FDC-A1E4-18531B24DDC6}.Debug|x64.ActiveCfg = Debug|x64
		{CBBEE304-E183-4FDC-A1E4-18531B24DDC6}.Debug|x64.Build.0 = Debug|x64
		{CBBEE304-E183-4FDC-A1E4-18531B24DDC6}.Debug|x86.ActiveCfg = Debug|Win32
		{CBBEE304-E183-4FDC-A1E4-18531B24DDC6}.Debug|x86.Build.0 = Debug|Win32
		{CBBEE304-E183-4FDC-A1E4-18531B24DDC6}.Release|x64.ActiveCfg = Release|x64
		{CBBEE304-E183-4FDC-A1E4-18531B24DDC6}.Release|x64.Build.0 = Release|x64
		{CBBEE304-E183-4FDC-A1E4-18531B24DDC6}.Release|x86.ActiveCfg = Release|Win32
		{CBBEE304-E183-4FDC-A1E4-18531B24DDC6}.Release|x86.Build.0 = Release|Win32
		{52EDF426-42C2-4E7C-B5D4-3C6B05B17F48}.Debug|x64.ActiveCfg = Debug|x64
		{52EDF426-42C2-4E7C-B5D4-3C6B05B17F48}.Debug|x64.Build.0 = Debug|x64
		{52EDF426-42C2-4E7C-B5D4-3C6B05B17F48}.Debug|x86.ActiveCfg = Debug|Win32
		{52EDF426-42C2-4E7C-B5D4-3C6B05B17F48}.Debug|x86.Build.0 = Debug|Win32
		{52EDF426-42C2-4E7C-B5D4-3C6B05B17F48}.Release|x64.ActiveCfg = Release|x64
		{52EDF426-42C2-4E7C-B5D4-3C6B05B17F48}.Release|x64.Build.0 = Release|x64
		{52EDF426-42C2-4E7C-B5D4-3C6B05B17F48}.Release|x86.ActiveCfg = Release|Win32
		{52EDF426-42C2-4E7C-B5D4-3C6B05B17F48}.Release|x86.Build.0 = Release|Win32
	EndGlobalSection
	GlobalSection(SolutionProperties) = preSolution
		HideSolutionNode = FALSE
	EndGlobalSection
	GlobalSection(ExtensibilityGlobals) = postSolution
		SolutionGuid = {EB493BE3-003B-4960-A30A-E9390077DCAF}
	EndGlobalSection
EndGlobal
